
Microsoft Visual Studio Solution File, Format Version 12.00
# Visual Studio Version 17
VisualStudioVersion = 17.5.002.0
MinimumVisualStudioVersion = 10.0.40219.1
Project("{9A19103F-16F7-4668-BE54-9A1E7A4F7556}") = "Banque", "Banque.csproj", "{D2D9BD40-9241-4D66-A63F-149EFF9AA420}"
EndProject
Global
	GlobalSection(SolutionConfigurationPlatforms) = preSolution
		Debug|Any CPU = Debug|Any CPU
		Release|Any CPU = Release|Any CPU
	EndGlobalSection
	GlobalSection(ProjectConfigurationPlatforms) = postSolution
		{D2D9BD40-9241-4D66-A63F-149EFF9AA420}.Debug|Any CPU.ActiveCfg = Debug|Any CPU
		{D2D9BD40-9241-4D66-A63F-149EFF9AA420}.Debug|Any CPU.Build.0 = Debug|Any CPU
		{D2D9BD40-9241-4D66-A63F-149EFF9AA420}.Release|Any CPU.ActiveCfg = Release|Any CPU
		{D2D9BD40-9241-4D66-A63F-149EFF9AA420}.Release|Any CPU.Build.0 = Release|Any CPU
	EndGlobalSection
	GlobalSection(SolutionProperties) = preSolution
		HideSolutionNode = FALSE
	EndGlobalSection
	GlobalSection(ExtensibilityGlobals) = postSolution
		SolutionGuid = {0C1A8E11-F21B-492D-9A7D-092E50E22E9D}
	EndGlobalSection
EndGlobal
